
Microsoft Visual Studio Solution File, Format Version 12.00
# Visual Studio Version 17
VisualStudioVersion = 17.7.34031.279
MinimumVisualStudioVersion = 10.0.40219.1
Project("{FAE04EC0-301F-11D3-BF4B-00C04F79EFBC}") = "CarWash.WEB", "CarWash.WEB\CarWash.WEB.csproj", "{A516C12A-62B3-495A-8F4C-4E7454B894A5}"
EndProject
Project("{FAE04EC0-301F-11D3-BF4B-00C04F79EFBC}") = "CarWash.Shared", "CarWash.Shared\CarWash.Shared.csproj", "{AC0D1AC8-856A-4CE3-9850-B3636081178A}"
EndProject
Project("{FAE04EC0-301F-11D3-BF4B-00C04F79EFBC}") = "CarWash.API", "CarWash.API\CarWash.API.csproj", "{DA56F622-64BF-49A4-8E27-09A6FD1D2830}"
EndProject
Global
	GlobalSection(SolutionConfigurationPlatforms) = preSolution
		Debug|Any CPU = Debug|Any CPU
		Release|Any CPU = Release|Any CPU
	EndGlobalSection
	GlobalSection(ProjectConfigurationPlatforms) = postSolution
		{A516C12A-62B3-495A-8F4C-4E7454B894A5}.Debug|Any CPU.ActiveCfg = Debug|Any CPU
		{A516C12A-62B3-495A-8F4C-4E7454B894A5}.Debug|Any CPU.Build.0 = Debug|Any CPU
		{A516C12A-62B3-495A-8F4C-4E7454B894A5}.Release|Any CPU.ActiveCfg = Release|Any CPU
		{A516C12A-62B3-495A-8F4C-4E7454B894A5}.Release|Any CPU.Build.0 = Release|Any CPU
		{AC0D1AC8-856A-4CE3-9850-B3636081178A}.Debug|Any CPU.ActiveCfg = Debug|Any CPU
		{AC0D1AC8-856A-4CE3-9850-B3636081178A}.Debug|Any CPU.Build.0 = Debug|Any CPU
		{AC0D1AC8-856A-4CE3-9850-B3636081178A}.Release|Any CPU.ActiveCfg = Release|Any CPU
		{AC0D1AC8-856A-4CE3-9850-B3636081178A}.Release|Any CPU.Build.0 = Release|Any CPU
		{DA56F622-64BF-49A4-8E27-09A6FD1D2830}.Debug|Any CPU.ActiveCfg = Debug|Any CPU
		{DA56F622-64BF-49A4-8E27-09A6FD1D2830}.Debug|Any CPU.Build.0 = Debug|Any CPU
		{DA56F622-64BF-49A4-8E27-09A6FD1D2830}.Release|Any CPU.ActiveCfg = Release|Any CPU
		{DA56F622-64BF-49A4-8E27-09A6FD1D2830}.Release|Any CPU.Build.0 = Release|Any CPU
	EndGlobalSection
	GlobalSection(SolutionProperties) = preSolution
		HideSolutionNode = FALSE
	EndGlobalSection
	GlobalSection(ExtensibilityGlobals) = postSolution
		SolutionGuid = {90DF61D8-FB29-4662-8867-2546809AFA83}
	EndGlobalSection
EndGlobal
