
Microsoft Visual Studio Solution File, Format Version 12.00
# Visual Studio Version 17
VisualStudioVersion = 17.7.34009.444
MinimumVisualStudioVersion = 10.0.40219.1
Project("{FAE04EC0-301F-11D3-BF4B-00C04F79EFBC}") = "Market.Shared", "Market.Shared\Market.Shared.csproj", "{C1AC1E7B-1AD8-418E-81CE-572C3107081E}"
EndProject
Project("{FAE04EC0-301F-11D3-BF4B-00C04F79EFBC}") = "Market.API", "Market.API\Market.API.csproj", "{5FF73223-4FE2-4273-801C-74633C912665}"
EndProject
Project("{FAE04EC0-301F-11D3-BF4B-00C04F79EFBC}") = "Market.WEB", "Market.WEB\Market.WEB.csproj", "{FC97F66F-AF37-4DFB-8B0B-4DD0C43627A0}"
EndProject
Global
	GlobalSection(SolutionConfigurationPlatforms) = preSolution
		Debug|Any CPU = Debug|Any CPU
		Release|Any CPU = Release|Any CPU
	EndGlobalSection
	GlobalSection(ProjectConfigurationPlatforms) = postSolution
		{C1AC1E7B-1AD8-418E-81CE-572C3107081E}.Debug|Any CPU.ActiveCfg = Debug|Any CPU
		{C1AC1E7B-1AD8-418E-81CE-572C3107081E}.Debug|Any CPU.Build.0 = Debug|Any CPU
		{C1AC1E7B-1AD8-418E-81CE-572C3107081E}.Release|Any CPU.ActiveCfg = Release|Any CPU
		{C1AC1E7B-1AD8-418E-81CE-572C3107081E}.Release|Any CPU.Build.0 = Release|Any CPU
		{5FF73223-4FE2-4273-801C-74633C912665}.Debug|Any CPU.ActiveCfg = Debug|Any CPU
		{5FF73223-4FE2-4273-801C-74633C912665}.Debug|Any CPU.Build.0 = Debug|Any CPU
		{5FF73223-4FE2-4273-801C-74633C912665}.Release|Any CPU.ActiveCfg = Release|Any CPU
		{5FF73223-4FE2-4273-801C-74633C912665}.Release|Any CPU.Build.0 = Release|Any CPU
		{FC97F66F-AF37-4DFB-8B0B-4DD0C43627A0}.Debug|Any CPU.ActiveCfg = Debug|Any CPU
		{FC97F66F-AF37-4DFB-8B0B-4DD0C43627A0}.Debug|Any CPU.Build.0 = Debug|Any CPU
		{FC97F66F-AF37-4DFB-8B0B-4DD0C43627A0}.Release|Any CPU.ActiveCfg = Release|Any CPU
		{FC97F66F-AF37-4DFB-8B0B-4DD0C43627A0}.Release|Any CPU.Build.0 = Release|Any CPU
	EndGlobalSection
	GlobalSection(SolutionProperties) = preSolution
		HideSolutionNode = FALSE
	EndGlobalSection
	GlobalSection(ExtensibilityGlobals) = postSolution
		SolutionGuid = {5A5488FF-3559-4137-AAFE-7B4763A36054}
	EndGlobalSection
EndGlobal
